// !$*UTF8*$!
{
	archiveVersion = 1;
	classes = {
	};
	objectVersion = 50;
	objects = {

/* Begin PBXBuildFile section */
		22DCBB77230341B000698552 /* AppDelegate.swift in Sources */ = {isa = PBXBuildFile; fileRef = 22DCBB76230341B000698552 /* AppDelegate.swift */; };
		22DCBB79230341B000698552 /* ViewController.swift in Sources */ = {isa = PBXBuildFile; fileRef = 22DCBB78230341B000698552 /* ViewController.swift */; };
		22DCBB7C230341B000698552 /* Main.storyboard in Resources */ = {isa = PBXBuildFile; fileRef = 22DCBB7A230341B000698552 /* Main.storyboard */; };
		22DCBB7E230341B100698552 /* Assets.xcassets in Resources */ = {isa = PBXBuildFile; fileRef = 22DCBB7D230341B100698552 /* Assets.xcassets */; };
		22DCBB81230341B100698552 /* LaunchScreen.storyboard in Resources */ = {isa = PBXBuildFile; fileRef = 22DCBB7F230341B100698552 /* LaunchScreen.storyboard */; };
		22DCBB8C230341B100698552 /* Amarjeet_Singh_Mapkit_UsageTests.swift in Sources */ = {isa = PBXBuildFile; fileRef = 22DCBB8B230341B100698552 /* Amarjeet_Singh_Mapkit_UsageTests.swift */; };
		22DCBB97230341B100698552 /* Amarjeet_Singh_Mapkit_UsageUITests.swift in Sources */ = {isa = PBXBuildFile; fileRef = 22DCBB96230341B100698552 /* Amarjeet_Singh_Mapkit_UsageUITests.swift */; };
/* End PBXBuildFile section */

/* Begin PBXContainerItemProxy section */
		22DCBB88230341B100698552 /* PBXContainerItemProxy */ = {
			isa = PBXContainerItemProxy;
			containerPortal = 22DCBB6B230341B000698552 /* Project object */;
			proxyType = 1;
			remoteGlobalIDString = 22DCBB72230341B000698552;
			remoteInfo = Amarjeet_Singh_Mapkit_Usage;
		};
		22DCBB93230341B100698552 /* PBXContainerItemProxy */ = {
			isa = PBXContainerItemProxy;
			containerPortal = 22DCBB6B230341B000698552 /* Project object */;
			proxyType = 1;
			remoteGlobalIDString = 22DCBB72230341B000698552;
			remoteInfo = Amarjeet_Singh_Mapkit_Usage;
		};
/* End PBXContainerItemProxy section */

/* Begin PBXFileReference section */
		22DCBB73230341B000698552 /* Amarjeet_Singh_Mapkit_Usage.app */ = {isa = PBXFileReference; explicitFileType = wrapper.application; includeInIndex = 0; path = Amarjeet_Singh_Mapkit_Usage.app; sourceTree = BUILT_PRODUCTS_DIR; };
		22DCBB76230341B000698552 /* AppDelegate.swift */ = {isa = PBXFileReference; lastKnownFileType = sourcecode.swift; path = AppDelegate.swift; sourceTree = "<group>"; };
		22DCBB78230341B000698552 /* ViewController.swift */ = {isa = PBXFileReference; lastKnownFileType = sourcecode.swift; path = ViewController.swift; sourceTree = "<group>"; };
		22DCBB7B230341B000698552 /* Base */ = {isa = PBXFileReference; lastKnownFileType = file.storyboard; name = Base; path = Base.lproj/Main.storyboard; sourceTree = "<group>"; };
		22DCBB7D230341B100698552 /* Assets.xcassets */ = {isa = PBXFileReference; lastKnownFileType = folder.assetcatalog; path = Assets.xcassets; sourceTree = "<group>"; };
		22DCBB80230341B100698552 /* Base */ = {isa = PBXFileReference; lastKnownFileType = file.storyboard; name = Base; path = Base.lproj/LaunchScreen.storyboard; sourceTree = "<group>"; };
		22DCBB82230341B100698552 /* Info.plist */ = {isa = PBXFileReference; lastKnownFileType = text.plist.xml; path = Info.plist; sourceTree = "<group>"; };
		22DCBB87230341B100698552 /* Amarjeet_Singh_Mapkit_UsageTests.xctest */ = {isa = PBXFileReference; explicitFileType = wrapper.cfbundle; includeInIndex = 0; path = Amarjeet_Singh_Mapkit_UsageTests.xctest; sourceTree = BUILT_PRODUCTS_DIR; };
		22DCBB8B230341B100698552 /* Amarjeet_Singh_Mapkit_UsageTests.swift */ = {isa = PBXFileReference; lastKnownFileType = sourcecode.swift; path = Amarjeet_Singh_Mapkit_UsageTests.swift; sourceTree = "<group>"; };
		22DCBB8D230341B100698552 /* Info.plist */ = {isa = PBXFileReference; lastKnownFileType = text.plist.xml; path = Info.plist; sourceTree = "<group>"; };
		22DCBB92230341B100698552 /* Amarjeet_Singh_Mapkit_UsageUITests.xctest */ = {isa = PBXFileReference; explicitFileType = wrapper.cfbundle; includeInIndex = 0; path = Amarjeet_Singh_Mapkit_UsageUITests.xctest; sourceTree = BUILT_PRODUCTS_DIR; };
		22DCBB96230341B100698552 /* Amarjeet_Singh_Mapkit_UsageUITests.swift */ = {isa = PBXFileReference; lastKnownFileType = sourcecode.swift; path = Amarjeet_Singh_Mapkit_UsageUITests.swift; sourceTree = "<group>"; };
		22DCBB98230341B100698552 /* Info.plist */ = {isa = PBXFileReference; lastKnownFileType = text.plist.xml; path = Info.plist; sourceTree = "<group>"; };
/* End PBXFileReference section */

/* Begin PBXFrameworksBuildPhase section */
		22DCBB70230341B000698552 /* Frameworks */ = {
			isa = PBXFrameworksBuildPhase;
			buildActionMask = 2147483647;
			files = (
			);
			runOnlyForDeploymentPostprocessing = 0;
		};
		22DCBB84230341B100698552 /* Frameworks */ = {
			isa = PBXFrameworksBuildPhase;
			buildActionMask = 2147483647;
			files = (
			);
			runOnlyForDeploymentPostprocessing = 0;
		};
		22DCBB8F230341B100698552 /* Frameworks */ = {
			isa = PBXFrameworksBuildPhase;
			buildActionMask = 2147483647;
			files = (
			);
			runOnlyForDeploymentPostprocessing = 0;
		};
/* End PBXFrameworksBuildPhase section */

/* Begin PBXGroup section */
		22DCBB6A230341B000698552 = {
			isa = PBXGroup;
			children = (
				22DCBB75230341B000698552 /* Amarjeet_Singh_Mapkit_Usage */,
				22DCBB8A230341B100698552 /* Amarjeet_Singh_Mapkit_UsageTests */,
				22DCBB95230341B100698552 /* Amarjeet_Singh_Mapkit_UsageUITests */,
				22DCBB74230341B000698552 /* Products */,
			);
			sourceTree = "<group>";
		};
		22DCBB74230341B000698552 /* Products */ = {
			isa = PBXGroup;
			children = (
				22DCBB73230341B000698552 /* Amarjeet_Singh_Mapkit_Usage.app */,
				22DCBB87230341B100698552 /* Amarjeet_Singh_Mapkit_UsageTests.xctest */,
				22DCBB92230341B100698552 /* Amarjeet_Singh_Mapkit_UsageUITests.xctest */,
			);
			name = Products;
			sourceTree = "<group>";
		};
		22DCBB75230341B000698552 /* Amarjeet_Singh_Mapkit_Usage */ = {
			isa = PBXGroup;
			children = (
				22DCBB76230341B000698552 /* AppDelegate.swift */,
				22DCBB78230341B000698552 /* ViewController.swift */,
				22DCBB7A230341B000698552 /* Main.storyboard */,
				22DCBB7D230341B100698552 /* Assets.xcassets */,
				22DCBB7F230341B100698552 /* LaunchScreen.storyboard */,
				22DCBB82230341B100698552 /* Info.plist */,
			);
			path = Amarjeet_Singh_Mapkit_Usage;
			sourceTree = "<group>";
		};
		22DCBB8A230341B100698552 /* Amarjeet_Singh_Mapkit_UsageTests */ = {
			isa = PBXGroup;
			children = (
				22DCBB8B230341B100698552 /* Amarjeet_Singh_Mapkit_UsageTests.swift */,
				22DCBB8D230341B100698552 /* Info.plist */,
			);
			path = Amarjeet_Singh_Mapkit_UsageTests;
			sourceTree = "<group>";
		};
		22DCBB95230341B100698552 /* Amarjeet_Singh_Mapkit_UsageUITests */ = {
			isa = PBXGroup;
			children = (
				22DCBB96230341B100698552 /* Amarjeet_Singh_Mapkit_UsageUITests.swift */,
				22DCBB98230341B100698552 /* Info.plist */,
			);
			path = Amarjeet_Singh_Mapkit_UsageUITests;
			sourceTree = "<group>";
		};
/* End PBXGroup section */

/* Begin PBXNativeTarget section */
		22DCBB72230341B000698552 /* Amarjeet_Singh_Mapkit_Usage */ = {
			isa = PBXNativeTarget;
			buildConfigurationList = 22DCBB9B230341B100698552 /* Build configuration list for PBXNativeTarget "Amarjeet_Singh_Mapkit_Usage" */;
			buildPhases = (
				22DCBB6F230341B000698552 /* Sources */,
				22DCBB70230341B000698552 /* Frameworks */,
				22DCBB71230341B000698552 /* Resources */,
			);
			buildRules = (
			);
			dependencies = (
			);
			name = Amarjeet_Singh_Mapkit_Usage;
			productName = Amarjeet_Singh_Mapkit_Usage;
			productReference = 22DCBB73230341B000698552 /* Amarjeet_Singh_Mapkit_Usage.app */;
			productType = "com.apple.product-type.application";
		};
		22DCBB86230341B100698552 /* Amarjeet_Singh_Mapkit_UsageTests */ = {
			isa = PBXNativeTarget;
			buildConfigurationList = 22DCBB9E230341B100698552 /* Build configuration list for PBXNativeTarget "Amarjeet_Singh_Mapkit_UsageTests" */;
			buildPhases = (
				22DCBB83230341B100698552 /* Sources */,
				22DCBB84230341B100698552 /* Frameworks */,
				22DCBB85230341B100698552 /* Resources */,
			);
			buildRules = (
			);
			dependencies = (
				22DCBB89230341B100698552 /* PBXTargetDependency */,
			);
			name = Amarjeet_Singh_Mapkit_UsageTests;
			productName = Amarjeet_Singh_Mapkit_UsageTests;
			productReference = 22DCBB87230341B100698552 /* Amarjeet_Singh_Mapkit_UsageTests.xctest */;
			productType = "com.apple.product-type.bundle.unit-test";
		};
		22DCBB91230341B100698552 /* Amarjeet_Singh_Mapkit_UsageUITests */ = {
			isa = PBXNativeTarget;
			buildConfigurationList = 22DCBBA1230341B100698552 /* Build configuration list for PBXNativeTarget "Amarjeet_Singh_Mapkit_UsageUITests" */;
			buildPhases = (
				22DCBB8E230341B100698552 /* Sources */,
				22DCBB8F230341B100698552 /* Frameworks */,
				22DCBB90230341B100698552 /* Resources */,
			);
			buildRules = (
			);
			dependencies = (
				22DCBB94230341B100698552 /* PBXTargetDependency */,
			);
			name = Amarjeet_Singh_Mapkit_UsageUITests;
			productName = Amarjeet_Singh_Mapkit_UsageUITests;
			productReference = 22DCBB92230341B100698552 /* Amarjeet_Singh_Mapkit_UsageUITests.xctest */;
			productType = "com.apple.product-type.bundle.ui-testing";
		};
/* End PBXNativeTarget section */

/* Begin PBXProject section */
		22DCBB6B230341B000698552 /* Project object */ = {
			isa = PBXProject;
			attributes = {
				LastSwiftUpdateCheck = 1020;
				LastUpgradeCheck = 1020;
				ORGANIZATIONNAME = "Amarjeet Singh";
				TargetAttributes = {
					22DCBB72230341B000698552 = {
						CreatedOnToolsVersion = 10.2.1;
					};
					22DCBB86230341B100698552 = {
						CreatedOnToolsVersion = 10.2.1;
						TestTargetID = 22DCBB72230341B000698552;
					};
					22DCBB91230341B100698552 = {
						CreatedOnToolsVersion = 10.2.1;
						TestTargetID = 22DCBB72230341B000698552;
					};
				};
			};
			buildConfigurationList = 22DCBB6E230341B000698552 /* Build configuration list for PBXProject "Amarjeet_Singh_Mapkit_Usage" */;
			compatibilityVersion = "Xcode 9.3";
			developmentRegion = en;
			hasScannedForEncodings = 0;
			knownRegions = (
				en,
				Base,
			);
			mainGroup = 22DCBB6A230341B000698552;
			productRefGroup = 22DCBB74230341B000698552 /* Products */;
			projectDirPath = "";
			projectRoot = "";
			targets = (
				22DCBB72230341B000698552 /* Amarjeet_Singh_Mapkit_Usage */,
				22DCBB86230341B100698552 /* Amarjeet_Singh_Mapkit_UsageTests */,
				22DCBB91230341B100698552 /* Amarjeet_Singh_Mapkit_UsageUITests */,
			);
		};
/* End PBXProject section */

/* Begin PBXResourcesBuildPhase section */
		22DCBB71230341B000698552 /* Resources */ = {
			isa = PBXResourcesBuildPhase;
			buildActionMask = 2147483647;
			files = (
				22DCBB81230341B100698552 /* LaunchScreen.storyboard in Resources */,
				22DCBB7E230341B100698552 /* Assets.xcassets in Resources */,
				22DCBB7C230341B000698552 /* Main.storyboard in Resources */,
			);
			runOnlyForDeploymentPostprocessing = 0;
		};
		22DCBB85230341B100698552 /* Resources */ = {
			isa = PBXResourcesBuildPhase;
			buildActionMask = 2147483647;
			files = (
			);
			runOnlyForDeploymentPostprocessing = 0;
		};
		22DCBB90230341B100698552 /* Resources */ = {
			isa = PBXResourcesBuildPhase;
			buildActionMask = 2147483647;
			files = (
			);
			runOnlyForDeploymentPostprocessing = 0;
		};
/* End PBXResourcesBuildPhase section */

/* Begin PBXSourcesBuildPhase section */
		22DCBB6F230341B000698552 /* Sources */ = {
			isa = PBXSourcesBuildPhase;
			buildActionMask = 2147483647;
			files = (
				22DCBB79230341B000698552 /* ViewController.swift in Sources */,
				22DCBB77230341B000698552 /* AppDelegate.swift in Sources */,
			);
			runOnlyForDeploymentPostprocessing = 0;
		};
		22DCBB83230341B100698552 /* Sources */ = {
			isa = PBXSourcesBuildPhase;
			buildActionMask = 2147483647;
			files = (
				22DCBB8C230341B100698552 /* Amarjeet_Singh_Mapkit_UsageTests.swift in Sources */,
			);
			runOnlyForDeploymentPostprocessing = 0;
		};
		22DCBB8E230341B100698552 /* Sources */ = {
			isa = PBXSourcesBuildPhase;
			buildActionMask = 2147483647;
			files = (
				22DCBB97230341B100698552 /* Amarjeet_Singh_Mapkit_UsageUITests.swift in Sources */,
			);
			runOnlyForDeploymentPostprocessing = 0;
		};
/* End PBXSourcesBuildPhase section */

/* Begin PBXTargetDependency section */
		22DCBB89230341B100698552 /* PBXTargetDependency */ = {
			isa = PBXTargetDependency;
			target = 22DCBB72230341B000698552 /* Amarjeet_Singh_Mapkit_Usage */;
			targetProxy = 22DCBB88230341B100698552 /* PBXContainerItemProxy */;
		};
		22DCBB94230341B100698552 /* PBXTargetDependency */ = {
			isa = PBXTargetDependency;
			target = 22DCBB72230341B000698552 /* Amarjeet_Singh_Mapkit_Usage */;
			targetProxy = 22DCBB93230341B100698552 /* PBXContainerItemProxy */;
		};
/* End PBXTargetDependency section */

/* Begin PBXVariantGroup section */
		22DCBB7A230341B000698552 /* Main.storyboard */ = {
			isa = PBXVariantGroup;
			children = (
				22DCBB7B230341B000698552 /* Base */,
			);
			name = Main.storyboard;
			sourceTree = "<group>";
		};
		22DCBB7F230341B100698552 /* LaunchScreen.storyboard */ = {
			isa = PBXVariantGroup;
			children = (
				22DCBB80230341B100698552 /* Base */,
			);
			name = LaunchScreen.storyboard;
			sourceTree = "<group>";
		};
/* End PBXVariantGroup section */

/* Begin XCBuildConfiguration section */
		22DCBB99230341B100698552 /* Debug */ = {
			isa = XCBuildConfiguration;
			buildSettings = {
				ALWAYS_SEARCH_USER_PATHS = NO;
				CLANG_ANALYZER_NONNULL = YES;
				CLANG_ANALYZER_NUMBER_OBJECT_CONVERSION = YES_AGGRESSIVE;
				CLANG_CXX_LANGUAGE_STANDARD = "gnu++14";
				CLANG_CXX_LIBRARY = "libc++";
				CLANG_ENABLE_MODULES = YES;
				CLANG_ENABLE_OBJC_ARC = YES;
				CLANG_ENABLE_OBJC_WEAK = YES;
				CLANG_WARN_BLOCK_CAPTURE_AUTORELEASING = YES;
				CLANG_WARN_BOOL_CONVERSION = YES;
				CLANG_WARN_COMMA = YES;
				CLANG_WARN_CONSTANT_CONVERSION = YES;
				CLANG_WARN_DEPRECATED_OBJC_IMPLEMENTATIONS = YES;
				CLANG_WARN_DIRECT_OBJC_ISA_USAGE = YES_ERROR;
				CLANG_WARN_DOCUMENTATION_COMMENTS = YES;
				CLANG_WARN_EMPTY_BODY = YES;
				CLANG_WARN_ENUM_CONVERSION = YES;
				CLANG_WARN_INFINITE_RECURSION = YES;
				CLANG_WARN_INT_CONVERSION = YES;
				CLANG_WARN_NON_LITERAL_NULL_CONVERSION = YES;
				CLANG_WARN_OBJC_IMPLICIT_RETAIN_SELF = YES;
				CLANG_WARN_OBJC_LITERAL_CONVERSION = YES;
				CLANG_WARN_OBJC_ROOT_CLASS = YES_ERROR;
				CLANG_WARN_RANGE_LOOP_ANALYSIS = YES;
				CLANG_WARN_STRICT_PROTOTYPES = YES;
				CLANG_WARN_SUSPICIOUS_MOVE = YES;
				CLANG_WARN_UNGUARDED_AVAILABILITY = YES_AGGRESSIVE;
				CLANG_WARN_UNREACHABLE_CODE = YES;
				CLANG_WARN__DUPLICATE_METHOD_MATCH = YES;
				CODE_SIGN_IDENTITY = "iPhone Developer";
				COPY_PHASE_STRIP = NO;
				DEBUG_INFORMATION_FORMAT = dwarf;
				ENABLE_STRICT_OBJC_MSGSEND = YES;
				ENABLE_TESTABILITY = YES;
				GCC_C_LANGUAGE_STANDARD = gnu11;
				GCC_DYNAMIC_NO_PIC = NO;
				GCC_NO_COMMON_BLOCKS = YES;
				GCC_OPTIMIZATION_LEVEL = 0;
				GCC_PREPROCESSOR_DEFINITIONS = (
					"DEBUG=1",
					"$(inherited)",
				);
				GCC_WARN_64_TO_32_BIT_CONVERSION = YES;
				GCC_WARN_ABOUT_RETURN_TYPE = YES_ERROR;
				GCC_WARN_UNDECLARED_SELECTOR = YES;
				GCC_WARN_UNINITIALIZED_AUTOS = YES_AGGRESSIVE;
				GCC_WARN_UNUSED_FUNCTION = YES;
				GCC_WARN_UNUSED_VARIABLE = YES;
				IPHONEOS_DEPLOYMENT_TARGET = 12.2;
				MTL_ENABLE_DEBUG_INFO = INCLUDE_SOURCE;
				MTL_FAST_MATH = YES;
				ONLY_ACTIVE_ARCH = YES;
				SDKROOT = iphoneos;
				SWIFT_ACTIVE_COMPILATION_CONDITIONS = DEBUG;
				SWIFT_OPTIMIZATION_LEVEL = "-Onone";
			};
			name = Debug;
		};
		22DCBB9A230341B100698552 /* Release */ = {
			isa = XCBuildConfiguration;
			buildSettings = {
				ALWAYS_SEARCH_USER_PATHS = NO;
				CLANG_ANALYZER_NONNULL = YES;
				CLANG_ANALYZER_NUMBER_OBJECT_CONVERSION = YES_AGGRESSIVE;
				CLANG_CXX_LANGUAGE_STANDARD = "gnu++14";
				CLANG_CXX_LIBRARY = "libc++";
				CLANG_ENABLE_MODULES = YES;
				CLANG_ENABLE_OBJC_ARC = YES;
				CLANG_ENABLE_OBJC_WEAK = YES;
				CLANG_WARN_BLOCK_CAPTURE_AUTORELEASING = YES;
				CLANG_WARN_BOOL_CONVERSION = YES;
				CLANG_WARN_COMMA = YES;
				CLANG_WARN_CONSTANT_CONVERSION = YES;
				CLANG_WARN_DEPRECATED_OBJC_IMPLEMENTATIONS = YES;
				CLANG_WARN_DIRECT_OBJC_ISA_USAGE = YES_ERROR;
				CLANG_WARN_DOCUMENTATION_COMMENTS = YES;
				CLANG_WARN_EMPTY_BODY = YES;
				CLANG_WARN_ENUM_CONVERSION = YES;
				CLANG_WARN_INFINITE_RECURSION = YES;
				CLANG_WARN_INT_CONVERSION = YES;
				CLANG_WARN_NON_LITERAL_NULL_CONVERSION = YES;
				CLANG_WARN_OBJC_IMPLICIT_RETAIN_SELF = YES;
				CLANG_WARN_OBJC_LITERAL_CONVERSION = YES;
				CLANG_WARN_OBJC_ROOT_CLASS = YES_ERROR;
				CLANG_WARN_RANGE_LOOP_ANALYSIS = YES;
				CLANG_WARN_STRICT_PROTOTYPES = YES;
				CLANG_WARN_SUSPICIOUS_MOVE = YES;
				CLANG_WARN_UNGUARDED_AVAILABILITY = YES_AGGRESSIVE;
				CLANG_WARN_UNREACHABLE_CODE = YES;
				CLANG_WARN__DUPLICATE_METHOD_MATCH = YES;
				CODE_SIGN_IDENTITY = "iPhone Developer";
				COPY_PHASE_STRIP = NO;
				DEBUG_INFORMATION_FORMAT = "dwarf-with-dsym";
				ENABLE_NS_ASSERTIONS = NO;
				ENABLE_STRICT_OBJC_MSGSEND = YES;
				GCC_C_LANGUAGE_STANDARD = gnu11;
				GCC_NO_COMMON_BLOCKS = YES;
				GCC_WARN_64_TO_32_BIT_CONVERSION = YES;
				GCC_WARN_ABOUT_RETURN_TYPE = YES_ERROR;
				GCC_WARN_UNDECLARED_SELECTOR = YES;
				GCC_WARN_UNINITIALIZED_AUTOS = YES_AGGRESSIVE;
				GCC_WARN_UNUSED_FUNCTION = YES;
				GCC_WARN_UNUSED_VARIABLE = YES;
				IPHONEOS_DEPLOYMENT_TARGET = 12.2;
				MTL_ENABLE_DEBUG_INFO = NO;
				MTL_FAST_MATH = YES;
				SDKROOT = iphoneos;
				SWIFT_COMPILATION_MODE = wholemodule;
				SWIFT_OPTIMIZATION_LEVEL = "-O";
				VALIDATE_PRODUCT = YES;
			};
			name = Release;
		};
		22DCBB9C230341B100698552 /* Debug */ = {
			isa = XCBuildConfiguration;
			buildSettings = {
				ASSETCATALOG_COMPILER_APPICON_NAME = AppIcon;
				CODE_SIGN_STYLE = Automatic;
				INFOPLIST_FILE = Amarjeet_Singh_Mapkit_Usage/Info.plist;
				LD_RUNPATH_SEARCH_PATHS = (
					"$(inherited)",
					"@executable_path/Frameworks",
				);
				PRODUCT_BUNDLE_IDENTIFIER = "AS.Amarjeet-Singh-Mapkit-Usage";
				PRODUCT_NAME = "$(TARGET_NAME)";
				SWIFT_VERSION = 5.0;
				TARGETED_DEVICE_FAMILY = "1,2";
			};
			name = Debug;
		};
		22DCBB9D230341B100698552 /* Release */ = {
			isa = XCBuildConfiguration;
			buildSettings = {
				ASSETCATALOG_COMPILER_APPICON_NAME = AppIcon;
				CODE_SIGN_STYLE = Automatic;
				INFOPLIST_FILE = Amarjeet_Singh_Mapkit_Usage/Info.plist;
				LD_RUNPATH_SEARCH_PATHS = (
					"$(inherited)",
					"@executable_path/Frameworks",
				);
				PRODUCT_BUNDLE_IDENTIFIER = "AS.Amarjeet-Singh-Mapkit-Usage";
				PRODUCT_NAME = "$(TARGET_NAME)";
				SWIFT_VERSION = 5.0;
				TARGETED_DEVICE_FAMILY = "1,2";
			};
			name = Release;
		};
		22DCBB9F230341B100698552 /* Debug */ = {
			isa = XCBuildConfiguration;
			buildSettings = {
				ALWAYS_EMBED_SWIFT_STANDARD_LIBRARIES = YES;
				BUNDLE_LOADER = "$(TEST_HOST)";
				CODE_SIGN_STYLE = Automatic;
				INFOPLIST_FILE = Amarjeet_Singh_Mapkit_UsageTests/Info.plist;
				LD_RUNPATH_SEARCH_PATHS = (
					"$(inherited)",
					"@executable_path/Frameworks",
					"@loader_path/Frameworks",
				);
				PRODUCT_BUNDLE_IDENTIFIER = "AS.Amarjeet-Singh-Mapkit-UsageTests";
				PRODUCT_NAME = "$(TARGET_NAME)";
				SWIFT_VERSION = 5.0;
				TARGETED_DEVICE_FAMILY = "1,2";
				TEST_HOST = "$(BUILT_PRODUCTS_DIR)/Amarjeet_Singh_Mapkit_Usage.app/Amarjeet_Singh_Mapkit_Usage";
			};
			name = Debug;
		};
		22DCBBA0230341B100698552 /* Release */ = {
			isa = XCBuildConfiguration;
			buildSettings = {
				ALWAYS_EMBED_SWIFT_STANDARD_LIBRARIES = YES;
				BUNDLE_LOADER = "$(TEST_HOST)";
				CODE_SIGN_STYLE = Automatic;
				INFOPLIST_FILE = Amarjeet_Singh_Mapkit_UsageTests/Info.plist;
				LD_RUNPATH_SEARCH_PATHS = (
					"$(inherited)",
					"@executable_path/Frameworks",
					"@loader_path/Frameworks",
				);
				PRODUCT_BUNDLE_IDENTIFIER = "AS.Amarjeet-Singh-Mapkit-UsageTests";
				PRODUCT_NAME = "$(TARGET_NAME)";
				SWIFT_VERSION = 5.0;
				TARGETED_DEVICE_FAMILY = "1,2";
				TEST_HOST = "$(BUILT_PRODUCTS_DIR)/Amarjeet_Singh_Mapkit_Usage.app/Amarjeet_Singh_Mapkit_Usage";
			};
			name = Release;
		};
		22DCBBA2230341B100698552 /* Debug */ = {
			isa = XCBuildConfiguration;
			buildSettings = {
				ALWAYS_EMBED_SWIFT_STANDARD_LIBRARIES = YES;
				CODE_SIGN_STYLE = Automatic;
				INFOPLIST_FILE = Amarjeet_Singh_Mapkit_UsageUITests/Info.plist;
				LD_RUNPATH_SEARCH_PATHS = (
					"$(inherited)",
					"@executable_path/Frameworks",
					"@loader_path/Frameworks",
				);
				PRODUCT_BUNDLE_IDENTIFIER = "AS.Amarjeet-Singh-Mapkit-UsageUITests";
				PRODUCT_NAME = "$(TARGET_NAME)";
				SWIFT_VERSION = 5.0;
				TARGETED_DEVICE_FAMILY = "1,2";
				TEST_TARGET_NAME = Amarjeet_Singh_Mapkit_Usage;
			};
			name = Debug;
		};
		22DCBBA3230341B100698552 /* Release */ = {
			isa = XCBuildConfiguration;
			buildSettings = {
				ALWAYS_EMBED_SWIFT_STANDARD_LIBRARIES = YES;
				CODE_SIGN_STYLE = Automatic;
				INFOPLIST_FILE = Amarjeet_Singh_Mapkit_UsageUITests/Info.plist;
				LD_RUNPATH_SEARCH_PATHS = (
					"$(inherited)",
					"@executable_path/Frameworks",
					"@loader_path/Frameworks",
				);
				PRODUCT_BUNDLE_IDENTIFIER = "AS.Amarjeet-Singh-Mapkit-UsageUITests";
				PRODUCT_NAME = "$(TARGET_NAME)";
				SWIFT_VERSION = 5.0;
				TARGETED_DEVICE_FAMILY = "1,2";
				TEST_TARGET_NAME = Amarjeet_Singh_Mapkit_Usage;
			};
			name = Release;
		};
/* End XCBuildConfiguration section */

/* Begin XCConfigurationList section */
		22DCBB6E230341B000698552 /* Build configuration list for PBXProject "Amarjeet_Singh_Mapkit_Usage" */ = {
			isa = XCConfigurationList;
			buildConfigurations = (
				22DCBB99230341B100698552 /* Debug */,
				22DCBB9A230341B100698552 /* Release */,
			);
			defaultConfigurationIsVisible = 0;
			defaultConfigurationName = Release;
		};
		22DCBB9B230341B100698552 /* Build configuration list for PBXNativeTarget "Amarjeet_Singh_Mapkit_Usage" */ = {
			isa = XCConfigurationList;
			buildConfigurations = (
				22DCBB9C230341B100698552 /* Debug */,
				22DCBB9D230341B100698552 /* Release */,
			);
			defaultConfigurationIsVisible = 0;
			defaultConfigurationName = Release;
		};
		22DCBB9E230341B100698552 /* Build configuration list for PBXNativeTarget "Amarjeet_Singh_Mapkit_UsageTests" */ = {
			isa = XCConfigurationList;
			buildConfigurations = (
				22DCBB9F230341B100698552 /* Debug */,
				22DCBBA0230341B100698552 /* Release */,
			);
			defaultConfigurationIsVisible = 0;
			defaultConfigurationName = Release;
		};
		22DCBBA1230341B100698552 /* Build configuration list for PBXNativeTarget "Amarjeet_Singh_Mapkit_UsageUITests" */ = {
			isa = XCConfigurationList;
			buildConfigurations = (
				22DCBBA2230341B100698552 /* Debug */,
				22DCBBA3230341B100698552 /* Release */,
			);
			defaultConfigurationIsVisible = 0;
			defaultConfigurationName = Release;
		};
/* End XCConfigurationList section */
	};
	rootObject = 22DCBB6B230341B000698552 /* Project object */;
}
